<?xml version="1.0" encoding="utf-8"?>
<Project ToolsVersion="4.0" xmlns="http://schemas.microsoft.com/developer/msbuild/2003">
  <ItemGroup>
    <ClCompile Include="Source\Configuration\ConfigurationSystem.cpp">
      <Filter>Source\Configuration</Filter>
    </ClCompile>
    <ClCompile Include="Source\Configuration\ConfigurationVariable.cpp">
      <Filter>Source\Configuration</Filter>
    </ClCompile>
    <ClCompile Include="Source\OpenGL\Window.cpp">
      <Filter>Source\OpenGL</Filter>
    </ClCompile>
    <ClCompile Include="Source\OpenGL\Shader.cpp">
      <Filter>Source\OpenGL</Filter>
    </ClCompile>
    <ClCompile Include="Source\OpenGL\Texture.cpp">
      <Filter>Source\OpenGL</Filter>
    </ClCompile>
    <ClCompile Include="Libraries\glad\glad.c">
      <Filter>Libraries\glad</Filter>
    </ClCompile>
    <ClCompile Include="Source\OpenGL\Texture.cpp" />
    <ClCompile Include="Source\PrecompiledHeader\Pch.cpp">
      <Filter>Source\PrecompiledHeader</Filter>
    </ClCompile>
    <ClCompile Include="ConfigurationVariableBase.cpp">
      <Filter>Source\Configuration</Filter>
    </ClCompile>
    <ClCompile Include="Source\Configuration\Globals.cpp">
      <Filter>Source\Configuration</Filter>
    </ClCompile>
    <ClCompile Include="Source\Physics\Integrators\EulerSplitting.cpp">
      <Filter>Source\Physics\Integrators</Filter>
    </ClCompile>
    <ClCompile Include="Source\Physics\Integrators\RigidBodyRattleSystem.cpp">
      <Filter>Source\Physics\Integrators</Filter>
    </ClCompile>
    <ClCompile Include="Source\Physics\State\ParticleState.cpp">
      <Filter>Source\Physics\State</Filter>
    </ClCompile>
    <ClCompile Include="Source\Physics\State\RigidBodyState.cpp">
      <Filter>Source\Physics\State</Filter>
    </ClCompile>
    <ClCompile Include="Source\Physics\Potentials\ConstantGravityPotential.cpp">
      <Filter>Source\Physics\Potentials</Filter>
    </ClCompile>
    <ClCompile Include="Source\Physics\Potentials\PotentialEnergy.cpp">
      <Filter>Source\Physics\Potentials</Filter>
    </ClCompile>
    <ClCompile Include="Source\Physics\Systems\ParticleSystem.cpp">
      <Filter>Source\Physics\Systems</Filter>
    </ClCompile>
    <ClCompile Include="Source\Physics\Integrators\EulerB.cpp">
      <Filter>Source\Physics\Integrators</Filter>
    </ClCompile>
    <ClCompile Include="Source\Physics\Integrators\EulerA.cpp">
      <Filter>Source\Physics\Integrators</Filter>
    </ClCompile>
    <ClCompile Include="Source\Physics\Integrators\StormerVerlet.cpp">
      <Filter>Source\Physics\Integrators</Filter>
    </ClCompile>
    <ClCompile Include="Source\Physics\Integrators\RigidBodySplitting.cpp">
      <Filter>Source\Physics\Integrators</Filter>
    </ClCompile>
    <ClCompile Include="Source\Physics\Systems\RigidBodySystem.cpp">
      <Filter>Source\Physics\Systems</Filter>
    </ClCompile>
    <ClCompile Include="Source\OpenGL\Camera.cpp">
      <Filter>Source\OpenGL</Filter>
    </ClCompile>
    <ClCompile Include="Source\OpenGL\Utils.cpp">
      <Filter>Source\OpenGL</Filter>
    </ClCompile>
    <ClCompile Include="Source\Main.cpp">
      <Filter>Source</Filter>
    </ClCompile>
  </ItemGroup>
  <ItemGroup>
    <Filter Include="Source">
      <UniqueIdentifier>{f7684e4c-ded9-4699-abb8-8a60ab8290c5}</UniqueIdentifier>
    </Filter>
    <Filter Include="Source\Physics">
      <UniqueIdentifier>{bf1e498c-41bf-45c0-95da-11ce8956e239}</UniqueIdentifier>
    </Filter>
    <Filter Include="Source\Configuration">
      <UniqueIdentifier>{426d3b5a-0afe-400a-b319-b331bc52e79f}</UniqueIdentifier>
    </Filter>
    <Filter Include="Source\Singleton">
      <UniqueIdentifier>{3d0ebba1-9dab-47d0-9f06-930575cbc632}</UniqueIdentifier>
    </Filter>
    <Filter Include="Source\OpenGL">
      <UniqueIdentifier>{8744dfc3-ee8f-4637-87ed-a3ff8c861022}</UniqueIdentifier>
    </Filter>
    <Filter Include="Libraries">
      <UniqueIdentifier>{d5714792-4458-41b6-a1cd-42b240f9c936}</UniqueIdentifier>
    </Filter>
    <Filter Include="Libraries\glad">
      <UniqueIdentifier>{c30294ce-7595-4ecc-99af-a4584b50054d}</UniqueIdentifier>
    </Filter>
    <Filter Include="Source\Shaders">
      <UniqueIdentifier>{43d64d78-08ce-4bf6-81da-f0b82bb15737}</UniqueIdentifier>
    </Filter>
    <Filter Include="Source\PrecompiledHeader">
      <UniqueIdentifier>{37480b83-bab2-474c-adb3-509e5156120a}</UniqueIdentifier>
    </Filter>
    <Filter Include="Libraries\Eigen">
      <UniqueIdentifier>{7d0f626a-2d15-48b1-9fbf-a2fc95319b40}</UniqueIdentifier>
    </Filter>
    <Filter Include="Source\Physics\Integrators">
      <UniqueIdentifier>{90f66cbe-9644-4769-a726-aa173f8ecaa5}</UniqueIdentifier>
    </Filter>
    <Filter Include="Source\Physics\Potentials">
      <UniqueIdentifier>{c88f80e0-739b-4de8-be7d-21875f2e6c2a}</UniqueIdentifier>
    </Filter>
    <Filter Include="Source\Physics\State">
      <UniqueIdentifier>{3099ebab-4ddb-4f5b-aaa6-ebe8c3380a8c}</UniqueIdentifier>
    </Filter>
    <Filter Include="Source\Physics\Systems">
      <UniqueIdentifier>{333c5e3a-87f9-4b26-bf0b-4e99323e5368}</UniqueIdentifier>
    </Filter>
  </ItemGroup>
  <ItemGroup>
    <ClInclude Include="Source\Configuration\ConfigurationSystem.h">
      <Filter>Source\Configuration</Filter>
    </ClInclude>
    <ClInclude Include="Source\Singleton\Singleton.h">
      <Filter>Source\Singleton</Filter>
    </ClInclude>
    <ClInclude Include="Source\Configuration\Config.h">
      <Filter>Source\Configuration</Filter>
    </ClInclude>
    <ClInclude Include="Source\Configuration\ConfigurationVariable.h">
      <Filter>Source\Configuration</Filter>
    </ClInclude>
    <ClInclude Include="Source\Configuration\ConfigurationVariableBase.h">
      <Filter>Source\Configuration</Filter>
    </ClInclude>
    <ClInclude Include="Source\OpenGL\Shader.h">
      <Filter>Source\OpenGL</Filter>
    </ClInclude>
    <ClInclude Include="Source\OpenGL\Texture.h">
      <Filter>Source\OpenGL</Filter>
    </ClInclude>
    <ClInclude Include="Source\OpenGL\Window.h">
      <Filter>Source\OpenGL</Filter>
    </ClInclude>
    <ClInclude Include="Libraries\glad\glad.h">
      <Filter>Libraries\glad</Filter>
    </ClInclude>
    <ClInclude Include="Source\PrecompiledHeader\Pch.h">
      <Filter>Source\PrecompiledHeader</Filter>
    </ClInclude>
    <ClInclude Include="Source\Configuration\Globals.h">
      <Filter>Source\Configuration</Filter>
    </ClInclude>
    <ClInclude Include="OpenGL.h">
      <Filter>Source\OpenGL</Filter>
    </ClInclude>
    <ClInclude Include="Source\OpenGL\SimpleShapes.h">
      <Filter>Source\OpenGL</Filter>
    </ClInclude>
    <ClInclude Include="Source\OpenGL\Camera.h">
      <Filter>Source\OpenGL</Filter>
    </ClInclude>
    <ClInclude Include="Source\Physics\Integrators\EulerA.h">
      <Filter>Source\Physics\Integrators</Filter>
    </ClInclude>
    <ClInclude Include="Source\Physics\Integrators\EulerB.h">
      <Filter>Source\Physics\Integrators</Filter>
    </ClInclude>
    <ClInclude Include="Source\Physics\Integrators\EulerSplitting.h">
      <Filter>Source\Physics\Integrators</Filter>
    </ClInclude>
    <ClInclude Include="Source\Physics\State\ParticleState.h">
      <Filter>Source\Physics\State</Filter>
    </ClInclude>
    <ClInclude Include="Source\Physics\Potentials\ConstantGravityPotential.h">
      <Filter>Source\Physics\Potentials</Filter>
    </ClInclude>
    <ClInclude Include="Source\Physics\Systems\ParticleSystem.h">
      <Filter>Source\Physics\Systems</Filter>
    </ClInclude>
    <ClInclude Include="Source\Physics\Potentials\PotentialEnergy.h">
      <Filter>Source\Physics\Potentials</Filter>
    </ClInclude>
    <ClInclude Include="Source\Physics\State\RigidBodyState.h">
      <Filter>Source\Physics\State</Filter>
    </ClInclude>
    <ClInclude Include="Source\Physics\Integrators\StormerVerlet.h">
      <Filter>Source\Physics\Integrators</Filter>
    </ClInclude>
    <ClInclude Include="Source\Physics\Integrators\RigidBodyFlowComposition.h">
      <Filter>Source\Physics\Integrators</Filter>
    </ClInclude>
    <ClInclude Include="Source\Physics\Integrators\EulerFlowComposition.h">
      <Filter>Source\Physics\Integrators</Filter>
    </ClInclude>
    <ClInclude Include="Source\Physics\Integrators\RigidBodySplitting.h">
      <Filter>Source\Physics\Integrators</Filter>
    </ClInclude>
    <ClInclude Include="Source\Physics\Systems\RigidBodySystem.h">
      <Filter>Source\Physics\Systems</Filter>
    </ClInclude>
    <ClInclude Include="Source\Physics\Integrators\RigidBodyRattleSystem.h">
      <Filter>Source\Physics\Integrators</Filter>
    </ClInclude>
  </ItemGroup>
  <ItemGroup>
    <None Include="Source\Shaders\fragmentShader.fs">
      <Filter>Source\Shaders</Filter>
    </None>
    <None Include="Source\Shaders\vertexShader.vs">
      <Filter>Source\Shaders</Filter>
    </None>
  </ItemGroup>
  <ItemGroup>
    <Natvis Include="Libraries\eigen-5.0.0\natvis\eigen.natvis">
      <Filter>Libraries\Eigen</Filter>
    </Natvis>
  </ItemGroup>
</Project>